
Microsoft Visual Studio Solution File, Format Version 11.00
# Visual Studio 2010
Project("{FAE04EC0-301F-11D3-BF4B-00C04F79EFBC}") = "MainInterface", "MainInterface\MainInterface.csproj", "{67310BB1-3B62-4E08-8C29-A83D363EA60D}"
EndProject
Project("{FAE04EC0-301F-11D3-BF4B-00C04F79EFBC}") = "CommonResources", "CommonResources\CommonResources.csproj", "{27328B4E-E634-411C-ADF9-7BEEBC7D38E7}"
EndProject
Project("{FAE04EC0-301F-11D3-BF4B-00C04F79EFBC}") = "Platform", "Platform\Platform.csproj", "{ADB031CB-AB28-47E2-8E59-FF73AA1E901B}"
EndProject
Project("{FAE04EC0-301F-11D3-BF4B-00C04F79EFBC}") = "CommonTypes", "CommonTypes\CommonTypes.csproj", "{D16FD6FC-635F-4FE3-ABA0-7DBA8D0730D4}"
EndProject
Project("{54435603-DBB4-11D2-8724-00A0C9A8B90C}") = "Deploy1", "Deploy1\Deploy1.vdproj", "{314C9AE5-8707-470C-9758-B48975D7DDC7}"
EndProject
Global
	GlobalSection(SolutionConfigurationPlatforms) = preSolution
		Debug|Any CPU = Debug|Any CPU
		Debug|Mixed Platforms = Debug|Mixed Platforms
		Debug|x86 = Debug|x86
		Release|Any CPU = Release|Any CPU
		Release|Mixed Platforms = Release|Mixed Platforms
		Release|x86 = Release|x86
	EndGlobalSection
	GlobalSection(ProjectConfigurationPlatforms) = postSolution
		{67310BB1-3B62-4E08-8C29-A83D363EA60D}.Debug|Any CPU.ActiveCfg = Debug|x86
		{67310BB1-3B62-4E08-8C29-A83D363EA60D}.Debug|Mixed Platforms.ActiveCfg = Debug|x86
		{67310BB1-3B62-4E08-8C29-A83D363EA60D}.Debug|Mixed Platforms.Build.0 = Debug|x86
		{67310BB1-3B62-4E08-8C29-A83D363EA60D}.Debug|x86.ActiveCfg = Debug|x86
		{67310BB1-3B62-4E08-8C29-A83D363EA60D}.Debug|x86.Build.0 = Debug|x86
		{67310BB1-3B62-4E08-8C29-A83D363EA60D}.Release|Any CPU.ActiveCfg = Release|x86
		{67310BB1-3B62-4E08-8C29-A83D363EA60D}.Release|Mixed Platforms.ActiveCfg = Release|x86
		{67310BB1-3B62-4E08-8C29-A83D363EA60D}.Release|Mixed Platforms.Build.0 = Release|x86
		{67310BB1-3B62-4E08-8C29-A83D363EA60D}.Release|x86.ActiveCfg = Release|x86
		{67310BB1-3B62-4E08-8C29-A83D363EA60D}.Release|x86.Build.0 = Release|x86
		{27328B4E-E634-411C-ADF9-7BEEBC7D38E7}.Debug|Any CPU.ActiveCfg = Debug|Any CPU
		{27328B4E-E634-411C-ADF9-7BEEBC7D38E7}.Debug|Any CPU.Build.0 = Debug|Any CPU
		{27328B4E-E634-411C-ADF9-7BEEBC7D38E7}.Debug|Mixed Platforms.ActiveCfg = Debug|x86
		{27328B4E-E634-411C-ADF9-7BEEBC7D38E7}.Debug|Mixed Platforms.Build.0 = Debug|x86
		{27328B4E-E634-411C-ADF9-7BEEBC7D38E7}.Debug|x86.ActiveCfg = Debug|x86
		{27328B4E-E634-411C-ADF9-7BEEBC7D38E7}.Debug|x86.Build.0 = Debug|x86
		{27328B4E-E634-411C-ADF9-7BEEBC7D38E7}.Release|Any CPU.ActiveCfg = Release|Any CPU
		{27328B4E-E634-411C-ADF9-7BEEBC7D38E7}.Release|Any CPU.Build.0 = Release|Any CPU
		{27328B4E-E634-411C-ADF9-7BEEBC7D38E7}.Release|Mixed Platforms.ActiveCfg = Release|Any CPU
		{27328B4E-E634-411C-ADF9-7BEEBC7D38E7}.Release|Mixed Platforms.Build.0 = Release|Any CPU
		{27328B4E-E634-411C-ADF9-7BEEBC7D38E7}.Release|x86.ActiveCfg = Release|x86
		{27328B4E-E634-411C-ADF9-7BEEBC7D38E7}.Release|x86.Build.0 = Release|x86
		{ADB031CB-AB28-47E2-8E59-FF73AA1E901B}.Debug|Any CPU.ActiveCfg = Debug|Any CPU
		{ADB031CB-AB28-47E2-8E59-FF73AA1E901B}.Debug|Any CPU.Build.0 = Debug|Any CPU
		{ADB031CB-AB28-47E2-8E59-FF73AA1E901B}.Debug|Mixed Platforms.ActiveCfg = Debug|x86
		{ADB031CB-AB28-47E2-8E59-FF73AA1E901B}.Debug|Mixed Platforms.Build.0 = Debug|x86
		{ADB031CB-AB28-47E2-8E59-FF73AA1E901B}.Debug|x86.ActiveCfg = Debug|x86
		{ADB031CB-AB28-47E2-8E59-FF73AA1E901B}.Debug|x86.Build.0 = Debug|x86
		{ADB031CB-AB28-47E2-8E59-FF73AA1E901B}.Release|Any CPU.ActiveCfg = Release|Any CPU
		{ADB031CB-AB28-47E2-8E59-FF73AA1E901B}.Release|Any CPU.Build.0 = Release|Any CPU
		{ADB031CB-AB28-47E2-8E59-FF73AA1E901B}.Release|Mixed Platforms.ActiveCfg = Release|x86
		{ADB031CB-AB28-47E2-8E59-FF73AA1E901B}.Release|Mixed Platforms.Build.0 = Release|x86
		{ADB031CB-AB28-47E2-8E59-FF73AA1E901B}.Release|x86.ActiveCfg = Release|x86
		{ADB031CB-AB28-47E2-8E59-FF73AA1E901B}.Release|x86.Build.0 = Release|x86
		{D16FD6FC-635F-4FE3-ABA0-7DBA8D0730D4}.Debug|Any CPU.ActiveCfg = Debug|Any CPU
		{D16FD6FC-635F-4FE3-ABA0-7DBA8D0730D4}.Debug|Any CPU.Build.0 = Debug|Any CPU
		{D16FD6FC-635F-4FE3-ABA0-7DBA8D0730D4}.Debug|Mixed Platforms.ActiveCfg = Debug|x86
		{D16FD6FC-635F-4FE3-ABA0-7DBA8D0730D4}.Debug|Mixed Platforms.Build.0 = Debug|x86
		{D16FD6FC-635F-4FE3-ABA0-7DBA8D0730D4}.Debug|x86.ActiveCfg = Debug|x86
		{D16FD6FC-635F-4FE3-ABA0-7DBA8D0730D4}.Debug|x86.Build.0 = Debug|x86
		{D16FD6FC-635F-4FE3-ABA0-7DBA8D0730D4}.Release|Any CPU.ActiveCfg = Release|Any CPU
		{D16FD6FC-635F-4FE3-ABA0-7DBA8D0730D4}.Release|Any CPU.Build.0 = Release|Any CPU
		{D16FD6FC-635F-4FE3-ABA0-7DBA8D0730D4}.Release|Mixed Platforms.ActiveCfg = Release|Any CPU
		{D16FD6FC-635F-4FE3-ABA0-7DBA8D0730D4}.Release|Mixed Platforms.Build.0 = Release|Any CPU
		{D16FD6FC-635F-4FE3-ABA0-7DBA8D0730D4}.Release|x86.ActiveCfg = Release|x86
		{D16FD6FC-635F-4FE3-ABA0-7DBA8D0730D4}.Release|x86.Build.0 = Release|x86
		{314C9AE5-8707-470C-9758-B48975D7DDC7}.Debug|Any CPU.ActiveCfg = Debug
		{314C9AE5-8707-470C-9758-B48975D7DDC7}.Debug|Mixed Platforms.ActiveCfg = Debug
		{314C9AE5-8707-470C-9758-B48975D7DDC7}.Debug|x86.ActiveCfg = Debug
		{314C9AE5-8707-470C-9758-B48975D7DDC7}.Release|Any CPU.ActiveCfg = Release
		{314C9AE5-8707-470C-9758-B48975D7DDC7}.Release|Mixed Platforms.ActiveCfg = Release
		{314C9AE5-8707-470C-9758-B48975D7DDC7}.Release|x86.ActiveCfg = Release
		{314C9AE5-8707-470C-9758-B48975D7DDC7}.Release|x86.Build.0 = Release
	EndGlobalSection
	GlobalSection(SolutionProperties) = preSolution
		HideSolutionNode = FALSE
	EndGlobalSection
EndGlobal
